
Microsoft Visual Studio Solution File, Format Version 12.00
# Visual Studio Version 16
VisualStudioVersion = 16.0.34114.132
MinimumVisualStudioVersion = 10.0.40219.1
Project("{FAE04EC0-301F-11D3-BF4B-00C04F79EFBC}") = "AGENDA_ENTREGA", "AGENDA_ENTREGA\AGENDA_ENTREGA.csproj", "{5DE62B7C-EA85-4EB6-B9DE-DAF84B866333}"
EndProject
Global
	GlobalSection(SolutionConfigurationPlatforms) = preSolution
		Debug|Any CPU = Debug|Any CPU
		Release|Any CPU = Release|Any CPU
	EndGlobalSection
	GlobalSection(ProjectConfigurationPlatforms) = postSolution
		{5DE62B7C-EA85-4EB6-B9DE-DAF84B866333}.Debug|Any CPU.ActiveCfg = Debug|Any CPU
		{5DE62B7C-EA85-4EB6-B9DE-DAF84B866333}.Debug|Any CPU.Build.0 = Debug|Any CPU
		{5DE62B7C-EA85-4EB6-B9DE-DAF84B866333}.Release|Any CPU.ActiveCfg = Release|Any CPU
		{5DE62B7C-EA85-4EB6-B9DE-DAF84B866333}.Release|Any CPU.Build.0 = Release|Any CPU
	EndGlobalSection
	GlobalSection(SolutionProperties) = preSolution
		HideSolutionNode = FALSE
	EndGlobalSection
	GlobalSection(ExtensibilityGlobals) = postSolution
		SolutionGuid = {1BE87643-6E4C-4208-8E2F-C35B21C4A467}
	EndGlobalSection
EndGlobal
